
Microsoft Visual Studio Solution File, Format Version 12.00
# Visual Studio Version 16
VisualStudioVersion = 16.0.28803.202
MinimumVisualStudioVersion = 10.0.40219.1
Project("{FAE04EC0-301F-11D3-BF4B-00C04F79EFBC}") = "Exercicio-Fixacao-OrdemPedido", "Exercicio-Fixacao-OrdemPedido\Exercicio-Fixacao-OrdemPedido.csproj", "{23442C16-3D39-4ABE-A77A-A80C5742824D}"
EndProject
Global
	GlobalSection(SolutionConfigurationPlatforms) = preSolution
		Debug|Any CPU = Debug|Any CPU
		Release|Any CPU = Release|Any CPU
	EndGlobalSection
	GlobalSection(ProjectConfigurationPlatforms) = postSolution
		{23442C16-3D39-4ABE-A77A-A80C5742824D}.Debug|Any CPU.ActiveCfg = Debug|Any CPU
		{23442C16-3D39-4ABE-A77A-A80C5742824D}.Debug|Any CPU.Build.0 = Debug|Any CPU
		{23442C16-3D39-4ABE-A77A-A80C5742824D}.Release|Any CPU.ActiveCfg = Release|Any CPU
		{23442C16-3D39-4ABE-A77A-A80C5742824D}.Release|Any CPU.Build.0 = Release|Any CPU
	EndGlobalSection
	GlobalSection(SolutionProperties) = preSolution
		HideSolutionNode = FALSE
	EndGlobalSection
	GlobalSection(ExtensibilityGlobals) = postSolution
		SolutionGuid = {F15FD573-9BE9-49C4-B045-287DE3FC3DC8}
	EndGlobalSection
EndGlobal
